
Microsoft Visual Studio Solution File, Format Version 12.00
# Visual Studio 15
VisualStudioVersion = 15.0.28010.2016
MinimumVisualStudioVersion = 10.0.40219.1
Project("{8BC9CEB8-8B4A-11D0-8D11-00A0C91BC942}") = "test_nyaruga_util", "test_nyaruga_util\test_nyaruga_util.vcxproj", "{3C34836C-B185-40AE-B7B9-1AAC0C72B4BB}"
EndProject
Global
	GlobalSection(SolutionConfigurationPlatforms) = preSolution
		Debug|x64 = Debug|x64
		Debug|x86 = Debug|x86
		Release|x64 = Release|x64
		Release|x86 = Release|x86
	EndGlobalSection
	GlobalSection(ProjectConfigurationPlatforms) = postSolution
		{3C34836C-B185-40AE-B7B9-1AAC0C72B4BB}.Debug|x64.ActiveCfg = Debug|x64
		{3C34836C-B185-40AE-B7B9-1AAC0C72B4BB}.Debug|x64.Build.0 = Debug|x64
		{3C34836C-B185-40AE-B7B9-1AAC0C72B4BB}.Debug|x86.ActiveCfg = Debug|x64
		{3C34836C-B185-40AE-B7B9-1AAC0C72B4BB}.Debug|x86.Build.0 = Debug|x64
		{3C34836C-B185-40AE-B7B9-1AAC0C72B4BB}.Release|x64.ActiveCfg = Debug|x64
		{3C34836C-B185-40AE-B7B9-1AAC0C72B4BB}.Release|x64.Build.0 = Debug|x64
		{3C34836C-B185-40AE-B7B9-1AAC0C72B4BB}.Release|x86.ActiveCfg = Debug|x64
		{3C34836C-B185-40AE-B7B9-1AAC0C72B4BB}.Release|x86.Build.0 = Debug|x64
	EndGlobalSection
	GlobalSection(SolutionProperties) = preSolution
		HideSolutionNode = FALSE
	EndGlobalSection
	GlobalSection(ExtensibilityGlobals) = postSolution
		SolutionGuid = {DE491E7B-BE8F-461D-918D-3A500066C123}
	EndGlobalSection
EndGlobal
